
Microsoft Visual Studio Solution File, Format Version 12.00
# Visual Studio Version 16
VisualStudioVersion = 16.0.30907.101
MinimumVisualStudioVersion = 10.0.40219.1
Project("{FAE04EC0-301F-11D3-BF4B-00C04F79EFBC}") = "Kandykova_KR", "Kandykova_KR\Kandykova_KR.csproj", "{70793B45-5507-401A-A77F-C588808F2899}"
EndProject
Global
	GlobalSection(SolutionConfigurationPlatforms) = preSolution
		Debug|Any CPU = Debug|Any CPU
		Release|Any CPU = Release|Any CPU
	EndGlobalSection
	GlobalSection(ProjectConfigurationPlatforms) = postSolution
		{70793B45-5507-401A-A77F-C588808F2899}.Debug|Any CPU.ActiveCfg = Debug|Any CPU
		{70793B45-5507-401A-A77F-C588808F2899}.Debug|Any CPU.Build.0 = Debug|Any CPU
		{70793B45-5507-401A-A77F-C588808F2899}.Release|Any CPU.ActiveCfg = Release|Any CPU
		{70793B45-5507-401A-A77F-C588808F2899}.Release|Any CPU.Build.0 = Release|Any CPU
	EndGlobalSection
	GlobalSection(SolutionProperties) = preSolution
		HideSolutionNode = FALSE
	EndGlobalSection
	GlobalSection(ExtensibilityGlobals) = postSolution
		SolutionGuid = {056CBC21-26EA-464D-9BC0-101D87C4EFEC}
	EndGlobalSection
EndGlobal
